
Microsoft Visual Studio Solution File, Format Version 12.00
# Visual Studio 15
VisualStudioVersion = 15.0.27004.2006
MinimumVisualStudioVersion = 10.0.40219.1
Project("{FAE04EC0-301F-11D3-BF4B-00C04F79EFBC}") = "SmgApiClient", "SmgApiClient\SmgApiClient.csproj", "{4857CD2C-052F-4986-B58B-2549D1CB6047}"
EndProject
Project("{FAE04EC0-301F-11D3-BF4B-00C04F79EFBC}") = "TestApiClient", "TestApiClient\TestApiClient.csproj", "{6D1A2136-D2E6-475D-905D-6A1E68770F1F}"
EndProject
Global
	GlobalSection(SolutionConfigurationPlatforms) = preSolution
		Debug|Any CPU = Debug|Any CPU
		Release|Any CPU = Release|Any CPU
	EndGlobalSection
	GlobalSection(ProjectConfigurationPlatforms) = postSolution
		{4857CD2C-052F-4986-B58B-2549D1CB6047}.Debug|Any CPU.ActiveCfg = Debug|Any CPU
		{4857CD2C-052F-4986-B58B-2549D1CB6047}.Debug|Any CPU.Build.0 = Debug|Any CPU
		{4857CD2C-052F-4986-B58B-2549D1CB6047}.Release|Any CPU.ActiveCfg = Release|Any CPU
		{4857CD2C-052F-4986-B58B-2549D1CB6047}.Release|Any CPU.Build.0 = Release|Any CPU
		{6D1A2136-D2E6-475D-905D-6A1E68770F1F}.Debug|Any CPU.ActiveCfg = Debug|Any CPU
		{6D1A2136-D2E6-475D-905D-6A1E68770F1F}.Debug|Any CPU.Build.0 = Debug|Any CPU
		{6D1A2136-D2E6-475D-905D-6A1E68770F1F}.Release|Any CPU.ActiveCfg = Release|Any CPU
		{6D1A2136-D2E6-475D-905D-6A1E68770F1F}.Release|Any CPU.Build.0 = Release|Any CPU
	EndGlobalSection
	GlobalSection(SolutionProperties) = preSolution
		HideSolutionNode = FALSE
	EndGlobalSection
	GlobalSection(ExtensibilityGlobals) = postSolution
		SolutionGuid = {909A8E80-7503-45AA-9057-CCE92DD61990}
	EndGlobalSection
EndGlobal
